
Microsoft Visual Studio Solution File, Format Version 12.00
# Visual Studio Version 17
VisualStudioVersion = 17.4.33103.184
MinimumVisualStudioVersion = 10.0.40219.1
Project("{FAE04EC0-301F-11D3-BF4B-00C04F79EFBC}") = "SimpleEmailApp", "SimpleEmailApp\SimpleEmailApp.csproj", "{FF44EB96-6C12-4DDE-8A0D-90C1D934F615}"
EndProject
Global
	GlobalSection(SolutionConfigurationPlatforms) = preSolution
		Debug|Any CPU = Debug|Any CPU
		Release|Any CPU = Release|Any CPU
	EndGlobalSection
	GlobalSection(ProjectConfigurationPlatforms) = postSolution
		{FF44EB96-6C12-4DDE-8A0D-90C1D934F615}.Debug|Any CPU.ActiveCfg = Debug|Any CPU
		{FF44EB96-6C12-4DDE-8A0D-90C1D934F615}.Debug|Any CPU.Build.0 = Debug|Any CPU
		{FF44EB96-6C12-4DDE-8A0D-90C1D934F615}.Release|Any CPU.ActiveCfg = Release|Any CPU
		{FF44EB96-6C12-4DDE-8A0D-90C1D934F615}.Release|Any CPU.Build.0 = Release|Any CPU
	EndGlobalSection
	GlobalSection(SolutionProperties) = preSolution
		HideSolutionNode = FALSE
	EndGlobalSection
	GlobalSection(ExtensibilityGlobals) = postSolution
		SolutionGuid = {4C811DA7-AC28-45D7-BBBC-0D3871A536A9}
	EndGlobalSection
EndGlobal
